PODS:
  - SwiftTools (1.0.4)

DEPENDENCIES:
  - SwiftTools (from `https://github.com/jwitcig/SwiftTools`)

EXTERNAL SOURCES:
  SwiftTools:
    :git: https://github.com/jwitcig/SwiftTools

CHECKOUT OPTIONS:
  SwiftTools:
    :commit: ebd7e94bb20ae44b18d306a1f45d5666c33c6054
    :git: https://github.com/jwitcig/SwiftTools

SPEC CHECKSUMS:
  SwiftTools: a3fd5f8705d7cf2031bc840ff8a257cc9eb190bb

COCOAPODS: 0.39.0
